
Microsoft Visual Studio Solution File, Format Version 12.00
# Visual Studio Version 16
VisualStudioVersion = 16.0.31729.503
MinimumVisualStudioVersion = 10.0.40219.1
Project("{FAE04EC0-301F-11D3-BF4B-00C04F79EFBC}") = "ConsoleApp", "ConsoleApp\ConsoleApp.csproj", "{C080282F-56DE-4864-B715-9A03186BE5A6}"
EndProject
Project("{FAE04EC0-301F-11D3-BF4B-00C04F79EFBC}") = "Entities", "Entities\Entities.csproj", "{764E5EFD-C47A-46DA-9D89-72652509DFD4}"
EndProject
Project("{FAE04EC0-301F-11D3-BF4B-00C04F79EFBC}") = "DataAccess", "DataAccess\DataAccess.csproj", "{3F114B72-ECDA-428B-A6F4-3D9CCD90D233}"
EndProject
Project("{FAE04EC0-301F-11D3-BF4B-00C04F79EFBC}") = "Business", "Business\Business.csproj", "{021A548C-E08B-4864-808B-1D7750819A6D}"
EndProject
Global
	GlobalSection(SolutionConfigurationPlatforms) = preSolution
		Debug|Any CPU = Debug|Any CPU
		Release|Any CPU = Release|Any CPU
	EndGlobalSection
	GlobalSection(ProjectConfigurationPlatforms) = postSolution
		{C080282F-56DE-4864-B715-9A03186BE5A6}.Debug|Any CPU.ActiveCfg = Debug|Any CPU
		{C080282F-56DE-4864-B715-9A03186BE5A6}.Debug|Any CPU.Build.0 = Debug|Any CPU
		{C080282F-56DE-4864-B715-9A03186BE5A6}.Release|Any CPU.ActiveCfg = Release|Any CPU
		{C080282F-56DE-4864-B715-9A03186BE5A6}.Release|Any CPU.Build.0 = Release|Any CPU
		{764E5EFD-C47A-46DA-9D89-72652509DFD4}.Debug|Any CPU.ActiveCfg = Debug|Any CPU
		{764E5EFD-C47A-46DA-9D89-72652509DFD4}.Debug|Any CPU.Build.0 = Debug|Any CPU
		{764E5EFD-C47A-46DA-9D89-72652509DFD4}.Release|Any CPU.ActiveCfg = Release|Any CPU
		{764E5EFD-C47A-46DA-9D89-72652509DFD4}.Release|Any CPU.Build.0 = Release|Any CPU
		{3F114B72-ECDA-428B-A6F4-3D9CCD90D233}.Debug|Any CPU.ActiveCfg = Debug|Any CPU
		{3F114B72-ECDA-428B-A6F4-3D9CCD90D233}.Debug|Any CPU.Build.0 = Debug|Any CPU
		{3F114B72-ECDA-428B-A6F4-3D9CCD90D233}.Release|Any CPU.ActiveCfg = Release|Any CPU
		{3F114B72-ECDA-428B-A6F4-3D9CCD90D233}.Release|Any CPU.Build.0 = Release|Any CPU
		{021A548C-E08B-4864-808B-1D7750819A6D}.Debug|Any CPU.ActiveCfg = Debug|Any CPU
		{021A548C-E08B-4864-808B-1D7750819A6D}.Debug|Any CPU.Build.0 = Debug|Any CPU
		{021A548C-E08B-4864-808B-1D7750819A6D}.Release|Any CPU.ActiveCfg = Release|Any CPU
		{021A548C-E08B-4864-808B-1D7750819A6D}.Release|Any CPU.Build.0 = Release|Any CPU
	EndGlobalSection
	GlobalSection(SolutionProperties) = preSolution
		HideSolutionNode = FALSE
	EndGlobalSection
	GlobalSection(ExtensibilityGlobals) = postSolution
		SolutionGuid = {833AFAC5-1C51-4675-BCFA-548943E96BF8}
	EndGlobalSection
EndGlobal
